
Microsoft Visual Studio Solution File, Format Version 12.00
# Visual Studio Version 17
VisualStudioVersion = 17.10.35122.118
MinimumVisualStudioVersion = 10.0.40219.1
Project("{2150E333-8FDC-42A3-9474-1A3956D46DE8}") = "Solution Items", "Solution Items", "{EBE34A7E-78E5-4D05-A64F-5C92093E2EED}"
	ProjectSection(SolutionItems) = preProject
		.editorconfig = .editorconfig
	EndProjectSection
EndProject
Project("{2150E333-8FDC-42A3-9474-1A3956D46DE8}") = "src", "src", "{4C284DE2-9423-45B8-9D8B-D4B1EF4DDB6E}"
EndProject
Project("{2150E333-8FDC-42A3-9474-1A3956D46DE8}") = "tests", "tests", "{4A098B28-0A50-4C47-B04A-4B6FD9E93902}"
	ProjectSection(SolutionItems) = preProject
		files\chin_bolus.stl = files\chin_bolus.stl
		files\ear_bolus.stl = files\ear_bolus.stl
		files\ear_bolus_smoothed.stl = files\ear_bolus_smoothed.stl
		files\eye_bolus.stl = files\eye_bolus.stl
		files\larynx small.stl = files\larynx small.stl
		files\larynx_bolus.stl = files\larynx_bolus.stl
		files\mould_test.stl = files\mould_test.stl
		files\nose_bolus.stl = files\nose_bolus.stl
		files\scalp_bolus.stl = files\scalp_bolus.stl
		files\scalp_mould.stl = files\scalp_mould.stl
		files\small test.stl = files\small test.stl
		files\sphere.stl = files\sphere.stl
		files\test bolus 107mL.stl = files\test bolus 107mL.stl
		files\test bolus 7mm.stl = files\test bolus 7mm.stl
		files\test_smoothed_bolus.stl = files\test_smoothed_bolus.stl
		\\PHSAhome2.phsabc.ehcnet.ca\nsmela\Programming\Fabolus\files\test bolus standard.3mf = \\PHSAhome2.phsabc.ehcnet.ca\nsmela\Programming\Fabolus\files\test bolus standard.3mf
	EndProjectSection
EndProject
Project("{FAE04EC0-301F-11D3-BF4B-00C04F79EFBC}") = "Fabolus.Core", "src\Fabolus.Core\Fabolus.Core.csproj", "{0DFCD2FD-52E4-4BF9-879C-70493FD982BC}"
EndProject
Project("{FAE04EC0-301F-11D3-BF4B-00C04F79EFBC}") = "Fabolus.Wpf", "src\Fabolus.Wpf\Fabolus.Wpf.csproj", "{6F2BA3E7-7F3D-47F5-9BDC-032F82A0345D}"
EndProject
Project("{FAE04EC0-301F-11D3-BF4B-00C04F79EFBC}") = "Fabolus.Core.Tests", "tests\Fabolus.Core.Tests\Fabolus.Core.Tests.csproj", "{7B9BD794-A3B6-48B6-AFCA-1F5C18AF237E}"
EndProject
Project("{FAE04EC0-301F-11D3-BF4B-00C04F79EFBC}") = "Fabolus.Wpf.Tests", "tests\Fabolus.Wpf.Tests\Fabolus.Wpf.Tests.csproj", "{FE3A2D5F-0E94-41A6-9172-98263A7322F8}"
EndProject
Project("{FAE04EC0-301F-11D3-BF4B-00C04F79EFBC}") = "Geometry.MeshLib", "src\Geometry.MeshLib\Geometry.MeshLib.csproj", "{F56CDE92-88CC-4D24-B867-BD488C877D48}"
EndProject
Global
	GlobalSection(SolutionConfigurationPlatforms) = preSolution
		Debug|x64 = Debug|x64
		Release|x64 = Release|x64
	EndGlobalSection
	GlobalSection(ProjectConfigurationPlatforms) = postSolution
		{0DFCD2FD-52E4-4BF9-879C-70493FD982BC}.Debug|x64.ActiveCfg = Debug|x64
		{0DFCD2FD-52E4-4BF9-879C-70493FD982BC}.Debug|x64.Build.0 = Debug|x64
		{0DFCD2FD-52E4-4BF9-879C-70493FD982BC}.Release|x64.ActiveCfg = Release|x64
		{0DFCD2FD-52E4-4BF9-879C-70493FD982BC}.Release|x64.Build.0 = Release|x64
		{6F2BA3E7-7F3D-47F5-9BDC-032F82A0345D}.Debug|x64.ActiveCfg = Debug|x64
		{6F2BA3E7-7F3D-47F5-9BDC-032F82A0345D}.Debug|x64.Build.0 = Debug|x64
		{6F2BA3E7-7F3D-47F5-9BDC-032F82A0345D}.Release|x64.ActiveCfg = Release|x64
		{6F2BA3E7-7F3D-47F5-9BDC-032F82A0345D}.Release|x64.Build.0 = Release|x64
		{7B9BD794-A3B6-48B6-AFCA-1F5C18AF237E}.Debug|x64.ActiveCfg = Debug|x64
		{7B9BD794-A3B6-48B6-AFCA-1F5C18AF237E}.Debug|x64.Build.0 = Debug|x64
		{7B9BD794-A3B6-48B6-AFCA-1F5C18AF237E}.Release|x64.ActiveCfg = Release|x64
		{7B9BD794-A3B6-48B6-AFCA-1F5C18AF237E}.Release|x64.Build.0 = Release|x64
		{FE3A2D5F-0E94-41A6-9172-98263A7322F8}.Debug|x64.ActiveCfg = Debug|x64
		{FE3A2D5F-0E94-41A6-9172-98263A7322F8}.Debug|x64.Build.0 = Debug|x64
		{FE3A2D5F-0E94-41A6-9172-98263A7322F8}.Release|x64.ActiveCfg = Release|x64
		{FE3A2D5F-0E94-41A6-9172-98263A7322F8}.Release|x64.Build.0 = Release|x64
		{F56CDE92-88CC-4D24-B867-BD488C877D48}.Debug|x64.ActiveCfg = Debug|x64
		{F56CDE92-88CC-4D24-B867-BD488C877D48}.Debug|x64.Build.0 = Debug|x64
		{F56CDE92-88CC-4D24-B867-BD488C877D48}.Release|x64.ActiveCfg = Release|x64
		{F56CDE92-88CC-4D24-B867-BD488C877D48}.Release|x64.Build.0 = Release|x64
	EndGlobalSection
	GlobalSection(SolutionProperties) = preSolution
		HideSolutionNode = FALSE
	EndGlobalSection
	GlobalSection(NestedProjects) = preSolution
		{0DFCD2FD-52E4-4BF9-879C-70493FD982BC} = {4C284DE2-9423-45B8-9D8B-D4B1EF4DDB6E}
		{6F2BA3E7-7F3D-47F5-9BDC-032F82A0345D} = {4C284DE2-9423-45B8-9D8B-D4B1EF4DDB6E}
		{7B9BD794-A3B6-48B6-AFCA-1F5C18AF237E} = {4A098B28-0A50-4C47-B04A-4B6FD9E93902}
		{FE3A2D5F-0E94-41A6-9172-98263A7322F8} = {4A098B28-0A50-4C47-B04A-4B6FD9E93902}
		{F56CDE92-88CC-4D24-B867-BD488C877D48} = {4C284DE2-9423-45B8-9D8B-D4B1EF4DDB6E}
	EndGlobalSection
	GlobalSection(ExtensibilityGlobals) = postSolution
		SolutionGuid = {991C515F-7E69-4CCA-8E45-6635FC152BD0}
	EndGlobalSection
EndGlobal
